// !$*UTF8*$!
{
	archiveVersion = 1;
	classes = {
	};
	objectVersion = 46;
	objects = {

/* Begin PBXBuildFile section */
		6569765A1B29CD6E0095C700 /* AppDelegate.swift in Sources */ = {isa = PBXBuildFile; fileRef = 656976591B29CD6E0095C700 /* AppDelegate.swift */; };
		6569765C1B29CD6E0095C700 /* Images.xcassets in Resources */ = {isa = PBXBuildFile; fileRef = 6569765B1B29CD6E0095C700 /* Images.xcassets */; };
		6569765F1B29CD6E0095C700 /* MainMenu.xib in Resources */ = {isa = PBXBuildFile; fileRef = 6569765D1B29CD6E0095C700 /* MainMenu.xib */; };
		6569766B1B29CD6E0095C700 /* Comic_Character_CarouselTests.swift in Sources */ = {isa = PBXBuildFile; fileRef = 6569766A1B29CD6E0095C700 /* Comic_Character_CarouselTests.swift */; };
/* End PBXBuildFile section */

/* Begin PBXContainerItemProxy section */
		656976651B29CD6E0095C700 /* PBXContainerItemProxy */ = {
			isa = PBXContainerItemProxy;
			containerPortal = 6569764C1B29CD6E0095C700 /* Project object */;
			proxyType = 1;
			remoteGlobalIDString = 656976531B29CD6E0095C700;
			remoteInfo = "Comic Character Carousel";
		};
/* End PBXContainerItemProxy section */

/* Begin PBXFileReference section */
		656976541B29CD6E0095C700 /* Comic Character Carousel.app */ = {isa = PBXFileReference; explicitFileType = wrapper.application; includeInIndex = 0; path = "Comic Character Carousel.app"; sourceTree = BUILT_PRODUCTS_DIR; };
		656976581B29CD6E0095C700 /* Info.plist */ = {isa = PBXFileReference; lastKnownFileType = text.plist.xml; path = Info.plist; sourceTree = "<group>"; };
		656976591B29CD6E0095C700 /* AppDelegate.swift */ = {isa = PBXFileReference; lastKnownFileType = sourcecode.swift; path = AppDelegate.swift; sourceTree = "<group>"; };
		6569765B1B29CD6E0095C700 /* Images.xcassets */ = {isa = PBXFileReference; lastKnownFileType = folder.assetcatalog; path = Images.xcassets; sourceTree = "<group>"; };
		6569765E1B29CD6E0095C700 /* Base */ = {isa = PBXFileReference; lastKnownFileType = file.xib; name = Base; path = Base.lproj/MainMenu.xib; sourceTree = "<group>"; };
		656976641B29CD6E0095C700 /* Comic Character CarouselTests.xctest */ = {isa = PBXFileReference; explicitFileType = wrapper.cfbundle; includeInIndex = 0; path = "Comic Character CarouselTests.xctest"; sourceTree = BUILT_PRODUCTS_DIR; };
		656976691B29CD6E0095C700 /* Info.plist */ = {isa = PBXFileReference; lastKnownFileType = text.plist.xml; path = Info.plist; sourceTree = "<group>"; };
		6569766A1B29CD6E0095C700 /* Comic_Character_CarouselTests.swift */ = {isa = PBXFileReference; lastKnownFileType = sourcecode.swift; path = Comic_Character_CarouselTests.swift; sourceTree = "<group>"; };
/* End PBXFileReference section */

/* Begin PBXFrameworksBuildPhase section */
		656976511B29CD6E0095C700 /* Frameworks */ = {
			isa = PBXFrameworksBuildPhase;
			buildActionMask = 2147483647;
			files = (
			);
			runOnlyForDeploymentPostprocessing = 0;
		};
		656976611B29CD6E0095C700 /* Frameworks */ = {
			isa = PBXFrameworksBuildPhase;
			buildActionMask = 2147483647;
			files = (
			);
			runOnlyForDeploymentPostprocessing = 0;
		};
/* End PBXFrameworksBuildPhase section */

/* Begin PBXGroup section */
		6569764B1B29CD6E0095C700 = {
			isa = PBXGroup;
			children = (
				656976561B29CD6E0095C700 /* Comic Character Carousel */,
				656976671B29CD6E0095C700 /* Comic Character CarouselTests */,
				656976551B29CD6E0095C700 /* Products */,
			);
			sourceTree = "<group>";
		};
		656976551B29CD6E0095C700 /* Products */ = {
			isa = PBXGroup;
			children = (
				656976541B29CD6E0095C700 /* Comic Character Carousel.app */,
				656976641B29CD6E0095C700 /* Comic Character CarouselTests.xctest */,
			);
			name = Products;
			sourceTree = "<group>";
		};
		656976561B29CD6E0095C700 /* Comic Character Carousel */ = {
			isa = PBXGroup;
			children = (
				656976591B29CD6E0095C700 /* AppDelegate.swift */,
				6569765B1B29CD6E0095C700 /* Images.xcassets */,
				6569765D1B29CD6E0095C700 /* MainMenu.xib */,
				656976571B29CD6E0095C700 /* Supporting Files */,
			);
			path = "Comic Character Carousel";
			sourceTree = "<group>";
		};
		656976571B29CD6E0095C700 /* Supporting Files */ = {
			isa = PBXGroup;
			children = (
				656976581B29CD6E0095C700 /* Info.plist */,
			);
			name = "Supporting Files";
			sourceTree = "<group>";
		};
		656976671B29CD6E0095C700 /* Comic Character CarouselTests */ = {
			isa = PBXGroup;
			children = (
				6569766A1B29CD6E0095C700 /* Comic_Character_CarouselTests.swift */,
				656976681B29CD6E0095C700 /* Supporting Files */,
			);
			path = "Comic Character CarouselTests";
			sourceTree = "<group>";
		};
		656976681B29CD6E0095C700 /* Supporting Files */ = {
			isa = PBXGroup;
			children = (
				656976691B29CD6E0095C700 /* Info.plist */,
			);
			name = "Supporting Files";
			sourceTree = "<group>";
		};
/* End PBXGroup section */

/* Begin PBXNativeTarget section */
		656976531B29CD6E0095C700 /* Comic Character Carousel */ = {
			isa = PBXNativeTarget;
			buildConfigurationList = 6569766E1B29CD6E0095C700 /* Build configuration list for PBXNativeTarget "Comic Character Carousel" */;
			buildPhases = (
				656976501B29CD6E0095C700 /* Sources */,
				656976511B29CD6E0095C700 /* Frameworks */,
				656976521B29CD6E0095C700 /* Resources */,
			);
			buildRules = (
			);
			dependencies = (
			);
			name = "Comic Character Carousel";
			productName = "Comic Character Carousel";
			productReference = 656976541B29CD6E0095C700 /* Comic Character Carousel.app */;
			productType = "com.apple.product-type.application";
		};
		656976631B29CD6E0095C700 /* Comic Character CarouselTests */ = {
			isa = PBXNativeTarget;
			buildConfigurationList = 656976711B29CD6E0095C700 /* Build configuration list for PBXNativeTarget "Comic Character CarouselTests" */;
			buildPhases = (
				656976601B29CD6E0095C700 /* Sources */,
				656976611B29CD6E0095C700 /* Frameworks */,
				656976621B29CD6E0095C700 /* Resources */,
			);
			buildRules = (
			);
			dependencies = (
				656976661B29CD6E0095C700 /* PBXTargetDependency */,
			);
			name = "Comic Character CarouselTests";
			productName = "Comic Character CarouselTests";
			productReference = 656976641B29CD6E0095C700 /* Comic Character CarouselTests.xctest */;
			productType = "com.apple.product-type.bundle.unit-test";
		};
/* End PBXNativeTarget section */

/* Begin PBXProject section */
		6569764C1B29CD6E0095C700 /* Project object */ = {
			isa = PBXProject;
			attributes = {
				LastUpgradeCheck = 0630;
				ORGANIZATIONNAME = "Daniel Mikusa";
				TargetAttributes = {
					656976531B29CD6E0095C700 = {
						CreatedOnToolsVersion = 6.3.2;
					};
					656976631B29CD6E0095C700 = {
						CreatedOnToolsVersion = 6.3.2;
						TestTargetID = 656976531B29CD6E0095C700;
					};
				};
			};
			buildConfigurationList = 6569764F1B29CD6E0095C700 /* Build configuration list for PBXProject "Comic Character Carousel" */;
			compatibilityVersion = "Xcode 3.2";
			developmentRegion = English;
			hasScannedForEncodings = 0;
			knownRegions = (
				en,
				Base,
			);
			mainGroup = 6569764B1B29CD6E0095C700;
			productRefGroup = 656976551B29CD6E0095C700 /* Products */;
			projectDirPath = "";
			projectRoot = "";
			targets = (
				656976531B29CD6E0095C700 /* Comic Character Carousel */,
				656976631B29CD6E0095C700 /* Comic Character CarouselTests */,
			);
		};
/* End PBXProject section */

/* Begin PBXResourcesBuildPhase section */
		656976521B29CD6E0095C700 /* Resources */ = {
			isa = PBXResourcesBuildPhase;
			buildActionMask = 2147483647;
			files = (
				6569765C1B29CD6E0095C700 /* Images.xcassets in Resources */,
				6569765F1B29CD6E0095C700 /* MainMenu.xib in Resources */,
			);
			runOnlyForDeploymentPostprocessing = 0;
		};
		656976621B29CD6E0095C700 /* Resources */ = {
			isa = PBXResourcesBuildPhase;
			buildActionMask = 2147483647;
			files = (
			);
			runOnlyForDeploymentPostprocessing = 0;
		};
/* End PBXResourcesBuildPhase section */

/* Begin PBXSourcesBuildPhase section */
		656976501B29CD6E0095C700 /* Sources */ = {
			isa = PBXSourcesBuildPhase;
			buildActionMask = 2147483647;
			files = (
				6569765A1B29CD6E0095C700 /* AppDelegate.swift in Sources */,
			);
			runOnlyForDeploymentPostprocessing = 0;
		};
		656976601B29CD6E0095C700 /* Sources */ = {
			isa = PBXSourcesBuildPhase;
			buildActionMask = 2147483647;
			files = (
				6569766B1B29CD6E0095C700 /* Comic_Character_CarouselTests.swift in Sources */,
			);
			runOnlyForDeploymentPostprocessing = 0;
		};
/* End PBXSourcesBuildPhase section */

/* Begin PBXTargetDependency section */
		656976661B29CD6E0095C700 /* PBXTargetDependency */ = {
			isa = PBXTargetDependency;
			target = 656976531B29CD6E0095C700 /* Comic Character Carousel */;
			targetProxy = 656976651B29CD6E0095C700 /* PBXContainerItemProxy */;
		};
/* End PBXTargetDependency section */

/* Begin PBXVariantGroup section */
		6569765D1B29CD6E0095C700 /* MainMenu.xib */ = {
			isa = PBXVariantGroup;
			children = (
				6569765E1B29CD6E0095C700 /* Base */,
			);
			name = MainMenu.xib;
			sourceTree = "<group>";
		};
/* End PBXVariantGroup section */

/* Begin XCBuildConfiguration section */
		6569766C1B29CD6E0095C700 /* Debug */ = {
			isa = XCBuildConfiguration;
			buildSettings = {
				ALWAYS_SEARCH_USER_PATHS = NO;
				CLANG_CXX_LANGUAGE_STANDARD = "gnu++0x";
				CLANG_CXX_LIBRARY = "libc++";
				CLANG_ENABLE_MODULES = YES;
				CLANG_ENABLE_OBJC_ARC = YES;
				CLANG_WARN_BOOL_CONVERSION = YES;
				CLANG_WARN_CONSTANT_CONVERSION = YES;
				CLANG_WARN_DIRECT_OBJC_ISA_USAGE = YES_ERROR;
				CLANG_WARN_EMPTY_BODY = YES;
				CLANG_WARN_ENUM_CONVERSION = YES;
				CLANG_WARN_INT_CONVERSION = YES;
				CLANG_WARN_OBJC_ROOT_CLASS = YES_ERROR;
				CLANG_WARN_UNREACHABLE_CODE = YES;
				CLANG_WARN__DUPLICATE_METHOD_MATCH = YES;
				CODE_SIGN_IDENTITY = "-";
				COPY_PHASE_STRIP = NO;
				DEBUG_INFORMATION_FORMAT = dwarf;
				ENABLE_STRICT_OBJC_MSGSEND = YES;
				GCC_C_LANGUAGE_STANDARD = gnu99;
				GCC_DYNAMIC_NO_PIC = NO;
				GCC_NO_COMMON_BLOCKS = YES;
				GCC_OPTIMIZATION_LEVEL = 0;
				GCC_PREPROCESSOR_DEFINITIONS = (
					"DEBUG=1",
					"$(inherited)",
				);
				GCC_SYMBOLS_PRIVATE_EXTERN = NO;
				GCC_WARN_64_TO_32_BIT_CONVERSION = YES;
				GCC_WARN_ABOUT_RETURN_TYPE = YES_ERROR;
				GCC_WARN_UNDECLARED_SELECTOR = YES;
				GCC_WARN_UNINITIALIZED_AUTOS = YES_AGGRESSIVE;
				GCC_WARN_UNUSED_FUNCTION = YES;
				GCC_WARN_UNUSED_VARIABLE = YES;
				MACOSX_DEPLOYMENT_TARGET = 10.10;
				MTL_ENABLE_DEBUG_INFO = YES;
				ONLY_ACTIVE_ARCH = YES;
				SDKROOT = macosx;
				SWIFT_OPTIMIZATION_LEVEL = "-Onone";
			};
			name = Debug;
		};
		6569766D1B29CD6E0095C700 /* Release */ = {
			isa = XCBuildConfiguration;
			buildSettings = {
				ALWAYS_SEARCH_USER_PATHS = NO;
				CLANG_CXX_LANGUAGE_STANDARD = "gnu++0x";
				CLANG_CXX_LIBRARY = "libc++";
				CLANG_ENABLE_MODULES = YES;
				CLANG_ENABLE_OBJC_ARC = YES;
				CLANG_WARN_BOOL_CONVERSION = YES;
				CLANG_WARN_CONSTANT_CONVERSION = YES;
				CLANG_WARN_DIRECT_OBJC_ISA_USAGE = YES_ERROR;
				CLANG_WARN_EMPTY_BODY = YES;
				CLANG_WARN_ENUM_CONVERSION = YES;
				CLANG_WARN_INT_CONVERSION = YES;
				CLANG_WARN_OBJC_ROOT_CLASS = YES_ERROR;
				CLANG_WARN_UNREACHABLE_CODE = YES;
				CLANG_WARN__DUPLICATE_METHOD_MATCH = YES;
				CODE_SIGN_IDENTITY = "-";
				COPY_PHASE_STRIP = NO;
				DEBUG_INFORMATION_FORMAT = "dwarf-with-dsym";
				ENABLE_NS_ASSERTIONS = NO;
				ENABLE_STRICT_OBJC_MSGSEND = YES;
				GCC_C_LANGUAGE_STANDARD = gnu99;
				GCC_NO_COMMON_BLOCKS = YES;
				GCC_WARN_64_TO_32_BIT_CONVERSION = YES;
				GCC_WARN_ABOUT_RETURN_TYPE = YES_ERROR;
				GCC_WARN_UNDECLARED_SELECTOR = YES;
				GCC_WARN_UNINITIALIZED_AUTOS = YES_AGGRESSIVE;
				GCC_WARN_UNUSED_FUNCTION = YES;
				GCC_WARN_UNUSED_VARIABLE = YES;
				MACOSX_DEPLOYMENT_TARGET = 10.10;
				MTL_ENABLE_DEBUG_INFO = NO;
				SDKROOT = macosx;
			};
			name = Release;
		};
		6569766F1B29CD6E0095C700 /* Debug */ = {
			isa = XCBuildConfiguration;
			buildSettings = {
				ASSETCATALOG_COMPILER_APPICON_NAME = AppIcon;
				COMBINE_HIDPI_IMAGES = YES;
				INFOPLIST_FILE = "Comic Character Carousel/Info.plist";
				LD_RUNPATH_SEARCH_PATHS = "$(inherited) @executable_path/../Frameworks";
				PRODUCT_NAME = "$(TARGET_NAME)";
			};
			name = Debug;
		};
		656976701B29CD6E0095C700 /* Release */ = {
			isa = XCBuildConfiguration;
			buildSettings = {
				ASSETCATALOG_COMPILER_APPICON_NAME = AppIcon;
				COMBINE_HIDPI_IMAGES = YES;
				INFOPLIST_FILE = "Comic Character Carousel/Info.plist";
				LD_RUNPATH_SEARCH_PATHS = "$(inherited) @executable_path/../Frameworks";
				PRODUCT_NAME = "$(TARGET_NAME)";
			};
			name = Release;
		};
		656976721B29CD6E0095C700 /* Debug */ = {
			isa = XCBuildConfiguration;
			buildSettings = {
				BUNDLE_LOADER = "$(TEST_HOST)";
				COMBINE_HIDPI_IMAGES = YES;
				FRAMEWORK_SEARCH_PATHS = (
					"$(DEVELOPER_FRAMEWORKS_DIR)",
					"$(inherited)",
				);
				GCC_PREPROCESSOR_DEFINITIONS = (
					"DEBUG=1",
					"$(inherited)",
				);
				INFOPLIST_FILE = "Comic Character CarouselTests/Info.plist";
				LD_RUNPATH_SEARCH_PATHS = "$(inherited) @executable_path/../Frameworks @loader_path/../Frameworks";
				PRODUCT_NAME = "$(TARGET_NAME)";
				TEST_HOST = "$(BUILT_PRODUCTS_DIR)/Comic Character Carousel.app/Contents/MacOS/Comic Character Carousel";
			};
			name = Debug;
		};
		656976731B29CD6E0095C700 /* Release */ = {
			isa = XCBuildConfiguration;
			buildSettings = {
				BUNDLE_LOADER = "$(TEST_HOST)";
				COMBINE_HIDPI_IMAGES = YES;
				FRAMEWORK_SEARCH_PATHS = (
					"$(DEVELOPER_FRAMEWORKS_DIR)",
					"$(inherited)",
				);
				INFOPLIST_FILE = "Comic Character CarouselTests/Info.plist";
				LD_RUNPATH_SEARCH_PATHS = "$(inherited) @executable_path/../Frameworks @loader_path/../Frameworks";
				PRODUCT_NAME = "$(TARGET_NAME)";
				TEST_HOST = "$(BUILT_PRODUCTS_DIR)/Comic Character Carousel.app/Contents/MacOS/Comic Character Carousel";
			};
			name = Release;
		};
/* End XCBuildConfiguration section */

/* Begin XCConfigurationList section */
		6569764F1B29CD6E0095C700 /* Build configuration list for PBXProject "Comic Character Carousel" */ = {
			isa = XCConfigurationList;
			buildConfigurations = (
				6569766C1B29CD6E0095C700 /* Debug */,
				6569766D1B29CD6E0095C700 /* Release */,
			);
			defaultConfigurationIsVisible = 0;
			defaultConfigurationName = Release;
		};
		6569766E1B29CD6E0095C700 /* Build configuration list for PBXNativeTarget "Comic Character Carousel" */ = {
			isa = XCConfigurationList;
			buildConfigurations = (
				6569766F1B29CD6E0095C700 /* Debug */,
				656976701B29CD6E0095C700 /* Release */,
			);
			defaultConfigurationIsVisible = 0;
		};
		656976711B29CD6E0095C700 /* Build configuration list for PBXNativeTarget "Comic Character CarouselTests" */ = {
			isa = XCConfigurationList;
			buildConfigurations = (
				656976721B29CD6E0095C700 /* Debug */,
				656976731B29CD6E0095C700 /* Release */,
			);
			defaultConfigurationIsVisible = 0;
		};
/* End XCConfigurationList section */
	};
	rootObject = 6569764C1B29CD6E0095C700 /* Project object */;
}
